
Microsoft Visual Studio Solution File, Format Version 12.00
# Visual Studio Version 16
VisualStudioVersion = 16.0.30804.86
MinimumVisualStudioVersion = 10.0.40219.1
Project("{FAE04EC0-301F-11D3-BF4B-00C04F79EFBC}") = "Probably.NET", "Probably.NET\Probably.NET.csproj", "{A8A8F849-0BA2-4B77-9CD9-D2CC4EB4A354}"
EndProject
Project("{FAE04EC0-301F-11D3-BF4B-00C04F79EFBC}") = "SampleProject", "SampleProject\SampleProject.csproj", "{9FCE33FE-15CB-4649-A0DB-5B512D4140BE}"
EndProject
Global
	GlobalSection(SolutionConfigurationPlatforms) = preSolution
		Debug|Any CPU = Debug|Any CPU
		Release|Any CPU = Release|Any CPU
	EndGlobalSection
	GlobalSection(ProjectConfigurationPlatforms) = postSolution
		{A8A8F849-0BA2-4B77-9CD9-D2CC4EB4A354}.Debug|Any CPU.ActiveCfg = Debug|Any CPU
		{A8A8F849-0BA2-4B77-9CD9-D2CC4EB4A354}.Debug|Any CPU.Build.0 = Debug|Any CPU
		{A8A8F849-0BA2-4B77-9CD9-D2CC4EB4A354}.Release|Any CPU.ActiveCfg = Release|Any CPU
		{A8A8F849-0BA2-4B77-9CD9-D2CC4EB4A354}.Release|Any CPU.Build.0 = Release|Any CPU
		{9FCE33FE-15CB-4649-A0DB-5B512D4140BE}.Debug|Any CPU.ActiveCfg = Debug|Any CPU
		{9FCE33FE-15CB-4649-A0DB-5B512D4140BE}.Debug|Any CPU.Build.0 = Debug|Any CPU
		{9FCE33FE-15CB-4649-A0DB-5B512D4140BE}.Release|Any CPU.ActiveCfg = Release|Any CPU
		{9FCE33FE-15CB-4649-A0DB-5B512D4140BE}.Release|Any CPU.Build.0 = Release|Any CPU
	EndGlobalSection
	GlobalSection(SolutionProperties) = preSolution
		HideSolutionNode = FALSE
	EndGlobalSection
	GlobalSection(ExtensibilityGlobals) = postSolution
		SolutionGuid = {479CACAC-BFA5-4E58-BEF9-DB3075D21977}
	EndGlobalSection
EndGlobal
